// !$*UTF8*$!
{
	archiveVersion = 1;
	classes = {
	};
	objectVersion = 46;
	objects = {

/* Begin PBXFileReference section */
		244513F919FD9B8400FBF903 /* SO */ = {isa = PBXFileReference; lastKnownFileType = folder; name = SO; sourceTree = "<group>"; };
		244513FA19FDA02300FBF903 /* _setpriority_ep2.c */ = {isa = PBXFileReference; lastKnownFileType = sourcecode.c.c; name = _setpriority_ep2.c; path = lib/posix/_setpriority_ep2.c; sourceTree = "<group>"; };
		244513FB19FDA07A00FBF903 /* setpriority_ep2.s */ = {isa = PBXFileReference; lastKnownFileType = sourcecode.asm; name = setpriority_ep2.s; path = lib/syscall/setpriority_ep2.s; sourceTree = "<group>"; };
/* End PBXFileReference section */

/* Begin PBXGroup section */
		244513F219FD9B0700FBF903 = {
			isa = PBXGroup;
			children = (
				244513FA19FDA02300FBF903 /* _setpriority_ep2.c */,
				244513FB19FDA07A00FBF903 /* setpriority_ep2.s */,
				244513F919FD9B8400FBF903 /* SO */,
			);
			sourceTree = "<group>";
		};
/* End PBXGroup section */

/* Begin PBXProject section */
		244513F319FD9B0700FBF903 /* Project object */ = {
			isa = PBXProject;
			attributes = {
				LastUpgradeCheck = 0610;
			};
			buildConfigurationList = 244513F619FD9B0700FBF903 /* Build configuration list for PBXProject "Minix" */;
			compatibilityVersion = "Xcode 3.2";
			developmentRegion = English;
			hasScannedForEncodings = 0;
			knownRegions = (
				en,
			);
			mainGroup = 244513F219FD9B0700FBF903;
			projectDirPath = "";
			projectRoot = "";
			targets = (
			);
		};
/* End PBXProject section */

/* Begin XCBuildConfiguration section */
		244513F719FD9B0700FBF903 /* Debug */ = {
			isa = XCBuildConfiguration;
			buildSettings = {
			};
			name = Debug;
		};
		244513F819FD9B0700FBF903 /* Release */ = {
			isa = XCBuildConfiguration;
			buildSettings = {
			};
			name = Release;
		};
/* End XCBuildConfiguration section */

/* Begin XCConfigurationList section */
		244513F619FD9B0700FBF903 /* Build configuration list for PBXProject "Minix" */ = {
			isa = XCConfigurationList;
			buildConfigurations = (
				244513F719FD9B0700FBF903 /* Debug */,
				244513F819FD9B0700FBF903 /* Release */,
			);
			defaultConfigurationIsVisible = 0;
			defaultConfigurationName = Release;
		};
/* End XCConfigurationList section */
	};
	rootObject = 244513F319FD9B0700FBF903 /* Project object */;
}
